
Microsoft Visual Studio Solution File, Format Version 12.00
# Visual Studio Version 17
VisualStudioVersion = 17.7.34031.279
MinimumVisualStudioVersion = 10.0.40219.1
Project("{FAE04EC0-301F-11D3-BF4B-00C04F79EFBC}") = "Fib", "Fib.csproj", "{50D79352-EDC5-4476-BD26-02ADFB88E4C3}"
EndProject
Global
	GlobalSection(SolutionConfigurationPlatforms) = preSolution
		Debug|Any CPU = Debug|Any CPU
		Release|Any CPU = Release|Any CPU
	EndGlobalSection
	GlobalSection(ProjectConfigurationPlatforms) = postSolution
		{50D79352-EDC5-4476-BD26-02ADFB88E4C3}.Debug|Any CPU.ActiveCfg = Debug|Any CPU
		{50D79352-EDC5-4476-BD26-02ADFB88E4C3}.Debug|Any CPU.Build.0 = Debug|Any CPU
		{50D79352-EDC5-4476-BD26-02ADFB88E4C3}.Release|Any CPU.ActiveCfg = Release|Any CPU
		{50D79352-EDC5-4476-BD26-02ADFB88E4C3}.Release|Any CPU.Build.0 = Release|Any CPU
	EndGlobalSection
	GlobalSection(SolutionProperties) = preSolution
		HideSolutionNode = FALSE
	EndGlobalSection
	GlobalSection(ExtensibilityGlobals) = postSolution
		SolutionGuid = {D1BC73D1-CD0F-4C41-8D42-0A1E0C53E6C3}
	EndGlobalSection
EndGlobal
